
Microsoft Visual Studio Solution File, Format Version 12.00
# Visual Studio Version 17
VisualStudioVersion = 17.4.33213.308
MinimumVisualStudioVersion = 10.0.40219.1
Project("{FAE04EC0-301F-11D3-BF4B-00C04F79EFBC}") = "Processing", "Processing\Processing.csproj", "{506E11F0-C4D3-49C0-A10F-10DAC79FA49E}"
EndProject
Global
	GlobalSection(SolutionConfigurationPlatforms) = preSolution
		Debug|Any CPU = Debug|Any CPU
		Release|Any CPU = Release|Any CPU
	EndGlobalSection
	GlobalSection(ProjectConfigurationPlatforms) = postSolution
		{506E11F0-C4D3-49C0-A10F-10DAC79FA49E}.Debug|Any CPU.ActiveCfg = Debug|Any CPU
		{506E11F0-C4D3-49C0-A10F-10DAC79FA49E}.Debug|Any CPU.Build.0 = Debug|Any CPU
		{506E11F0-C4D3-49C0-A10F-10DAC79FA49E}.Release|Any CPU.ActiveCfg = Release|Any CPU
		{506E11F0-C4D3-49C0-A10F-10DAC79FA49E}.Release|Any CPU.Build.0 = Release|Any CPU
	EndGlobalSection
	GlobalSection(SolutionProperties) = preSolution
		HideSolutionNode = FALSE
	EndGlobalSection
	GlobalSection(ExtensibilityGlobals) = postSolution
		SolutionGuid = {0657201E-A5D6-489B-8193-14094A93F740}
	EndGlobalSection
EndGlobal
